
Microsoft Visual Studio Solution File, Format Version 12.00
# Visual Studio Version 17
VisualStudioVersion = 17.13.35931.197 d17.13
MinimumVisualStudioVersion = 10.0.40219.1
Project("{FAE04EC0-301F-11D3-BF4B-00C04F79EFBC}") = "AMBCPacientes", "AMBCPacientes\AMBCPacientes.csproj", "{F4B257DE-D331-4C22-827A-A5F178A6866B}"
EndProject
Global
	GlobalSection(SolutionConfigurationPlatforms) = preSolution
		Debug|Any CPU = Debug|Any CPU
		Release|Any CPU = Release|Any CPU
	EndGlobalSection
	GlobalSection(ProjectConfigurationPlatforms) = postSolution
		{F4B257DE-D331-4C22-827A-A5F178A6866B}.Debug|Any CPU.ActiveCfg = Debug|Any CPU
		{F4B257DE-D331-4C22-827A-A5F178A6866B}.Debug|Any CPU.Build.0 = Debug|Any CPU
		{F4B257DE-D331-4C22-827A-A5F178A6866B}.Release|Any CPU.ActiveCfg = Release|Any CPU
		{F4B257DE-D331-4C22-827A-A5F178A6866B}.Release|Any CPU.Build.0 = Release|Any CPU
	EndGlobalSection
	GlobalSection(SolutionProperties) = preSolution
		HideSolutionNode = FALSE
	EndGlobalSection
	GlobalSection(ExtensibilityGlobals) = postSolution
		SolutionGuid = {640AA377-2222-452C-8F27-E9B46064BF6E}
	EndGlobalSection
EndGlobal
